{
  "lockfileVersion": 1,
  "workspaces": {
    "": {
      "name": "@atomic-ehr/fhirschema",
      "devDependencies": {
        "@biomejs/biome": "2.2.4",
        "@types/bun": "latest",
        "@types/js-yaml": "^4.0.9",
        "fast-xml-parser": "^5.8.0",
        "fhirpath": "^4.10.1",
        "js-yaml": "^4.1.1",
        "turndown": "^7.2.1",
        "typescript": "^5.9.3",
      },
      "peerDependencies": {
        "typescript": "^5",
      },
    },
  },
  "packages": {
    "@biomejs/biome": ["@biomejs/biome@2.2.4", "", { "optionalDependencies": { "@biomejs/cli-darwin-arm64": "2.2.4", "@biomejs/cli-darwin-x64": "2.2.4", "@biomejs/cli-linux-arm64": "2.2.4", "@biomejs/cli-linux-arm64-musl": "2.2.4", "@biomejs/cli-linux-x64": "2.2.4", "@biomejs/cli-linux-x64-musl": "2.2.4", "@biomejs/cli-win32-arm64": "2.2.4", "@biomejs/cli-win32-x64": "2.2.4" }, "bin": { "biome": "bin/biome" } }, "sha512-TBHU5bUy/Ok6m8c0y3pZiuO/BZoY/OcGxoLlrfQof5s8ISVwbVBdFINPQZyFfKwil8XibYWb7JMwnT8wT4WVPg=="],

    "@biomejs/cli-darwin-arm64": ["@biomejs/cli-darwin-arm64@2.2.4", "", { "os": "darwin", "cpu": "arm64" }, "sha512-RJe2uiyaloN4hne4d2+qVj3d3gFJFbmrr5PYtkkjei1O9c+BjGXgpUPVbi8Pl8syumhzJjFsSIYkcLt2VlVLMA=="],

    "@biomejs/cli-darwin-x64": ["@biomejs/cli-darwin-x64@2.2.4", "", { "os": "darwin", "cpu": "x64" }, "sha512-cFsdB4ePanVWfTnPVaUX+yr8qV8ifxjBKMkZwN7gKb20qXPxd/PmwqUH8mY5wnM9+U0QwM76CxFyBRJhC9tQwg=="],

    "@biomejs/cli-linux-arm64": ["@biomejs/cli-linux-arm64@2.2.4", "", { "os": "linux", "cpu": "arm64" }, "sha512-M/Iz48p4NAzMXOuH+tsn5BvG/Jb07KOMTdSVwJpicmhN309BeEyRyQX+n1XDF0JVSlu28+hiTQ2L4rZPvu7nMw=="],

    "@biomejs/cli-linux-arm64-musl": ["@biomejs/cli-linux-arm64-musl@2.2.4", "", { "os": "linux", "cpu": "arm64" }, "sha512-7TNPkMQEWfjvJDaZRSkDCPT/2r5ESFPKx+TEev+I2BXDGIjfCZk2+b88FOhnJNHtksbOZv8ZWnxrA5gyTYhSsQ=="],

    "@biomejs/cli-linux-x64": ["@biomejs/cli-linux-x64@2.2.4", "", { "os": "linux", "cpu": "x64" }, "sha512-orr3nnf2Dpb2ssl6aihQtvcKtLySLta4E2UcXdp7+RTa7mfJjBgIsbS0B9GC8gVu0hjOu021aU8b3/I1tn+pVQ=="],

    "@biomejs/cli-linux-x64-musl": ["@biomejs/cli-linux-x64-musl@2.2.4", "", { "os": "linux", "cpu": "x64" }, "sha512-m41nFDS0ksXK2gwXL6W6yZTYPMH0LughqbsxInSKetoH6morVj43szqKx79Iudkp8WRT5SxSh7qVb8KCUiewGg=="],

    "@biomejs/cli-win32-arm64": ["@biomejs/cli-win32-arm64@2.2.4", "", { "os": "win32", "cpu": "arm64" }, "sha512-NXnfTeKHDFUWfxAefa57DiGmu9VyKi0cDqFpdI+1hJWQjGJhJutHPX0b5m+eXvTKOaf+brU+P0JrQAZMb5yYaQ=="],

    "@biomejs/cli-win32-x64": ["@biomejs/cli-win32-x64@2.2.4", "", { "os": "win32", "cpu": "x64" }, "sha512-3Y4V4zVRarVh/B/eSHczR4LYoSVyv3Dfuvm3cWs5w/HScccS0+Wt/lHOcDTRYeHjQmMYVC3rIRWqyN2EI52+zg=="],

    "@lhncbc/ucum-lhc": ["@lhncbc/ucum-lhc@5.0.4", "", { "dependencies": { "coffeescript": "^2.7.0", "csv-parse": "^4.4.6", "csv-stringify": "^1.0.4", "escape-html": "^1.0.3", "is-integer": "^1.0.6", "jsonfile": "^2.2.3", "stream": "0.0.2", "stream-transform": "^0.1.1", "string-to-stream": "^1.1.0", "xmldoc": "^0.4.0" } }, "sha512-khuV9GV51DF80b0wJmhZTR5Bf23fhS6SSIWnyGT9X+Uvn0FsHFl2LKViQ2TTOuvwagUOUSq8/0SyoE2ZDGwrAA=="],

    "@loxjs/url-join": ["@loxjs/url-join@1.0.2", "", {}, "sha512-BqzK8+iHqxUbPRZV6NBum63CJzE0G6vGG3o+4dqeIzbywdoTg+xHJbksYDkk1P1w3Gj64U20Rgp44HHciLbRzg=="],

    "@mixmark-io/domino": ["@mixmark-io/domino@2.2.0", "", {}, "sha512-Y28PR25bHXUg88kCV7nivXrP2Nj2RueZ3/l/jdx6J9f8J4nsEGcgX0Qe6lt7Pa+J79+kPiJU3LguR6O/6zrLOw=="],

    "@nodable/entities": ["@nodable/entities@2.1.0", "", {}, "sha512-nyT7T3nbMyBI/lvr6L5TyWbFJAI9FTgVRakNoBqCD+PmID8DzFrrNdLLtHMwMszOtqZa8PAOV24ZqDnQrhQINA=="],

    "@types/bun": ["@types/bun@1.2.23", "", { "dependencies": { "bun-types": "1.2.23" } }, "sha512-le8ueOY5b6VKYf19xT3McVbXqLqmxzPXHsQT/q9JHgikJ2X22wyTW3g3ohz2ZMnp7dod6aduIiq8A14Xyimm0A=="],

    "@types/js-yaml": ["@types/js-yaml@4.0.9", "", {}, "sha512-k4MGaQl5TGo/iipqb2UDG2UwjXziSWkh0uysQelTlJpX1qGlpUZYm8PnO4DxG1qBomtJUdYJ6qR6xdIah10JLg=="],

    "@types/node": ["@types/node@24.4.0", "", { "dependencies": { "undici-types": "~7.11.0" } }, "sha512-gUuVEAK4/u6F9wRLznPUU4WGUacSEBDPoC2TrBkw3GAnOLHBL45QdfHOXp1kJ4ypBGLxTOB+t7NJLpKoC3gznQ=="],

    "@types/react": ["@types/react@19.1.13", "", { "dependencies": { "csstype": "^3.0.2" } }, "sha512-hHkbU/eoO3EG5/MZkuFSKmYqPbSVk5byPFa3e7y/8TybHiLMACgI8seVYlicwk7H5K/rI2px9xrQp/C+AUDTiQ=="],

    "antlr4": ["antlr4@4.9.3", "", {}, "sha512-qNy2odgsa0skmNMCuxzXhM4M8J1YDaPv3TI+vCdnOAanu0N982wBrSqziDKRDctEZLZy9VffqIZXc0UGjjSP/g=="],

    "argparse": ["argparse@2.0.1", "", {}, "sha512-8+9WqebbFzpX9OR+Wa6O29asIogeRMzcGtAINdpMHHyAg10f05aSFVBbcEqGf/PXw1EjAZ+q2/bEBg3DvurK3Q=="],

    "bun-types": ["bun-types@1.2.23", "", { "dependencies": { "@types/node": "*" }, "peerDependencies": { "@types/react": "^19" } }, "sha512-R9f0hKAZXgFU3mlrA0YpE/fiDvwV0FT9rORApt2aQVWSuJDzZOyB5QLc0N/4HF57CS8IXJ6+L5E4W1bW6NS2Aw=="],

    "coffeescript": ["coffeescript@2.7.0", "", { "bin": { "coffee": "bin/coffee", "cake": "bin/cake" } }, "sha512-hzWp6TUE2d/jCcN67LrW1eh5b/rSDKQK6oD6VMLlggYVUUFexgTH9z3dNYihzX4RMhze5FTUsUmOXViJKFQR/A=="],

    "commander": ["commander@14.0.3", "", {}, "sha512-H+y0Jo/T1RZ9qPP4Eh1pkcQcLRglraJaSLoyOtHxu6AapkjWVCy2Sit1QQ4x3Dng8qDlSsZEet7g5Pq06MvTgw=="],

    "core-util-is": ["core-util-is@1.0.3", "", {}, "sha512-ZQBvi1DcpJ4GDqanjucZ2Hj3wEO5pZDS89BWbkcrvdxksJorwUDDZamX9ldFkp9aw2lmBDLgkObEA4DWNJ9FYQ=="],

    "csstype": ["csstype@3.1.3", "", {}, "sha512-M1uQkMl8rQK/szD0LNhtqxIPLpimGm8sOBwU7lLnCpSbTyY3yeU1Vc7l4KT5zT4s/yOxHH5O7tIuuLOCnLADRw=="],

    "csv-parse": ["csv-parse@4.16.3", "", {}, "sha512-cO1I/zmz4w2dcKHVvpCr7JVRu8/FymG5OEpmvsZYlccYolPBLoVGKUHgNoc4ZGkFeFlWGEDmMyBM+TTqRdW/wg=="],

    "csv-stringify": ["csv-stringify@1.1.2", "", { "dependencies": { "lodash.get": "~4.4.2" } }, "sha512-3NmNhhd+AkYs5YtM1GEh01VR6PKj6qch2ayfQaltx5xpcAdThjnbbI5eT8CzRVpXfGKAxnmrSYLsNl/4f3eWiw=="],

    "date-fns": ["date-fns@1.30.1", "", {}, "sha512-hBSVCvSmWC+QypYObzwGOd9wqdDpOt+0wl0KbU+R+uuZBS1jN8VsD1ss3irQDknRj5NvxiTF6oj/nDRnN/UQNw=="],

    "decimal.js": ["decimal.js@10.6.0", "", {}, "sha512-YpgQiITW3JXGntzdUmyUR1V812Hn8T1YVXhCu+wO3OpS4eU9l4YdD3qjyiKdV6mvV29zapkMeD390UVEf2lkUg=="],

    "emitter-component": ["emitter-component@1.1.2", "", {}, "sha512-QdXO3nXOzZB4pAjM0n6ZE+R9/+kPpECA/XSELIcc54NeYVnBqIk+4DFiBgK+8QbV3mdvTG6nedl7dTYgO+5wDw=="],

    "escape-html": ["escape-html@1.0.3", "", {}, "sha512-NiSupZ4OeuGwr68lGIeym/ksIZMJodUGOSCZ/FSnTxcrekbvqrgdUxlJOMpijaKZVjAJrWrGs/6Jy8OMuyj9ow=="],

    "fast-xml-builder": ["fast-xml-builder@1.2.0", "", { "dependencies": { "path-expression-matcher": "^1.5.0", "xml-naming": "^0.1.0" } }, "sha512-00aAWieqff+ZJhsXA4g1g7M8k+7AYoMUUHF+/zFb5U6Uv/P0Vl4QZo84/IcufzYalLuEj9928bXN9PbbFzMF0Q=="],

    "fast-xml-parser": ["fast-xml-parser@5.8.0", "", { "dependencies": { "@nodable/entities": "^2.1.0", "fast-xml-builder": "^1.2.0", "path-expression-matcher": "^1.5.0", "strnum": "^2.3.0", "xml-naming": "^0.1.0" }, "bin": { "fxparser": "src/cli/cli.js" } }, "sha512-6bIM7fsJxeo3uXv7OncQYsBAMPJ7V16Slahl/6M98C/i2q+vB1+4a0MtrvYwDFEUrwDSbAmeLDRXsOBwrL7yAg=="],

    "fhirpath": ["fhirpath@4.10.1", "", { "dependencies": { "@lhncbc/ucum-lhc": "^5.0.0", "@loxjs/url-join": "^1.0.2", "antlr4": "~4.9.3", "commander": "^14.0.3", "date-fns": "^1.30.1", "decimal.js": "^10.6.0", "js-yaml": "^4.1.1" }, "bin": { "fhirpath": "bin/fhirpath" } }, "sha512-R0pRmyYhV1Z9c/NbXf8f/wIPstA+QYod/nWlDYU+vMgsBIPe8v8Nsiq6BKhIiUgeO4OsjcQNovcrNS1p2C+ysg=="],

    "graceful-fs": ["graceful-fs@4.2.11", "", {}, "sha512-RbJ5/jmFcNNCcDV5o9eTnBLJ/HszWV0P73bc+Ff4nS/rJj+YaS6IGyiOL0VoBYX+l1Wrl3k63h/KrH+nhJ0XvQ=="],

    "inherits": ["inherits@2.0.4", "", {}, "sha512-k/vGaX4/Yla3WzyMCvTQOXYeIHvqOKtnqBduzTHpzpQZzAskKMhZ2K+EnBiSM9zGSoIFeMpXKxa4dYeZIQqewQ=="],

    "is-finite": ["is-finite@1.1.0", "", {}, "sha512-cdyMtqX/BOqqNBBiKlIVkytNHm49MtMlYyn1zxzvJKWmFMlGzm+ry5BBfYyeY9YmNKbRSo/o7OX9w9ale0wg3w=="],

    "is-integer": ["is-integer@1.0.7", "", { "dependencies": { "is-finite": "^1.0.0" } }, "sha512-RPQc/s9yBHSvpi+hs9dYiJ2cuFeU6x3TyyIp8O2H6SKEltIvJOzRj9ToyvcStDvPR/pS4rxgr1oBFajQjZ2Szg=="],

    "isarray": ["isarray@1.0.0", "", {}, "sha512-VLghIWNM6ELQzo7zwmcg0NmTVyWKYjvIeM83yjp0wRDTmUnrM678fQbcKBo6n2CJEF0szoG//ytg+TKla89ALQ=="],

    "js-yaml": ["js-yaml@4.1.1", "", { "dependencies": { "argparse": "^2.0.1" }, "bin": { "js-yaml": "bin/js-yaml.js" } }, "sha512-qQKT4zQxXl8lLwBtHMWwaTcGfFOZviOJet3Oy/xmGk2gZH677CJM9EvtfdSkgWcATZhj/55JZ0rmy3myCT5lsA=="],

    "jsonfile": ["jsonfile@2.4.0", "", { "optionalDependencies": { "graceful-fs": "^4.1.6" } }, "sha512-PKllAqbgLgxHaj8TElYymKCAgrASebJrWpTnEkOaTowt23VKXXN0sUeriJ+eh7y6ufb/CC5ap11pz71/cM0hUw=="],

    "lodash.get": ["lodash.get@4.4.2", "", {}, "sha512-z+Uw/vLuy6gQe8cfaFWD7p0wVv8fJl3mbzXh33RS+0oW2wvUqiRXiQ69gLWSLpgB5/6sU+r6BlQR0MBILadqTQ=="],

    "path-expression-matcher": ["path-expression-matcher@1.5.0", "", {}, "sha512-cbrerZV+6rvdQrrD+iGMcZFEiiSrbv9Tfdkvnusy6y0x0GKBXREFg/Y65GhIfm0tnLntThhzCnfKwp1WRjeCyQ=="],

    "process-nextick-args": ["process-nextick-args@2.0.1", "", {}, "sha512-3ouUOpQhtgrbOa17J7+uxOTpITYWaGP7/AhoR3+A+/1e9skrzelGi/dXzEYyvbxubEF6Wn2ypscTKiKJFFn1ag=="],

    "readable-stream": ["readable-stream@2.3.8", "", { "dependencies": { "core-util-is": "~1.0.0", "inherits": "~2.0.3", "isarray": "~1.0.0", "process-nextick-args": "~2.0.0", "safe-buffer": "~5.1.1", "string_decoder": "~1.1.1", "util-deprecate": "~1.0.1" } }, "sha512-8p0AUk4XODgIewSi0l8Epjs+EVnWiK7NoDIEGU0HhE7+ZyY8D1IMY7odu5lRrFXGg71L15KG8QrPmum45RTtdA=="],

    "safe-buffer": ["safe-buffer@5.1.2", "", {}, "sha512-Gd2UZBJDkXlY7GbJxfsE8/nvKkUEU1G38c1siN6QP6a9PT9MmHB8GnpscSmMJSoF8LOIrt8ud/wPtojys4G6+g=="],

    "sax": ["sax@1.1.6", "", {}, "sha512-8zci48uUQyfqynGDSkUMD7FCJB96hwLnlZOXlgs1l3TX+LW27t3psSWKUxC0fxVgA86i8tL4NwGcY1h/6t3ESg=="],

    "stream": ["stream@0.0.2", "", { "dependencies": { "emitter-component": "^1.1.1" } }, "sha512-gCq3NDI2P35B2n6t76YJuOp7d6cN/C7Rt0577l91wllh0sY9ZBuw9KaSGqH/b0hzn3CWWJbpbW0W0WvQ1H/Q7g=="],

    "stream-transform": ["stream-transform@0.1.2", "", {}, "sha512-3HXId/0W8sktQnQM6rOZf2LuDDMbakMgAjpViLk758/h0br+iGqZFFfUxxJSqEvGvT742PyFr4v/TBXUtowdCg=="],

    "string-to-stream": ["string-to-stream@1.1.1", "", { "dependencies": { "inherits": "^2.0.1", "readable-stream": "^2.1.0" } }, "sha512-QySF2+3Rwq0SdO3s7BAp4x+c3qsClpPQ6abAmb0DGViiSBAkT5kL6JT2iyzEVP+T1SmzHrQD1TwlP9QAHCc+Sw=="],

    "string_decoder": ["string_decoder@1.1.1", "", { "dependencies": { "safe-buffer": "~5.1.0" } }, "sha512-n/ShnvDi6FHbbVfviro+WojiFzv+s8MPMHBczVePfUpDJLwoLT0ht1l4YwBCbi8pJAveEEdnkHyPyTP/mzRfwg=="],

    "strnum": ["strnum@2.3.0", "", {}, "sha512-ums3KNd42PGyx5xaoVTO1mjU1bH3NpY4vsrVlnv9PNGqQj8wd7rJ6nEypLrJ7z5vxK5RP0yMLo6J/Gsm62DI5Q=="],

    "turndown": ["turndown@7.2.1", "", { "dependencies": { "@mixmark-io/domino": "^2.2.0" } }, "sha512-7YiPJw6rLClQL3oUKN3KgMaXeJJ2lAyZItclgKDurqnH61so4k4IH/qwmMva0zpuJc/FhRExBBnk7EbeFANlgQ=="],

    "typescript": ["typescript@5.9.3", "", { "bin": { "tsc": "bin/tsc", "tsserver": "bin/tsserver" } }, "sha512-jl1vZzPDinLr9eUt3J/t7V6FgNEw9QjvBPdysz9KfQDD41fQrC2Y4vKQdiaUpFT4bXlb1RHhLpp8wtm6M5TgSw=="],

    "undici-types": ["undici-types@7.11.0", "", {}, "sha512-kt1ZriHTi7MU+Z/r9DOdAI3ONdaR3M3csEaRc6ewa4f4dTvX4cQCbJ4NkEn0ohE4hHtq85+PhPSTY+pO/1PwgA=="],

    "util-deprecate": ["util-deprecate@1.0.2", "", {}, "sha512-EPD5q1uXyFxJpCrLnCc1nHnq3gOa6DZBocAIiI2TaSCA7VCJ1UJDMagCzIkXNsUYfD1daK//LTEQ8xiIbrHtcw=="],

    "xml-naming": ["xml-naming@0.1.0", "", {}, "sha512-k8KO9hrMyNk6tUWqUfkTEZbezRRpONVOzUTnc97VnCvyj6Tf9lyUR9EDAIeiVLv56jsMcoXEwjW8Kv5yPY52lw=="],

    "xmldoc": ["xmldoc@0.4.0", "", { "dependencies": { "sax": "~1.1.1" } }, "sha512-rJ/+/UzYCSlFNuAzGuRyYgkH2G5agdX1UQn4+5siYw9pkNC3Hu/grYNDx/dqYLreeSjnY5oKg74CMBKxJHSg6Q=="],
  }
}
